
Microsoft Visual Studio Solution File, Format Version 12.00
# Visual Studio Version 17
VisualStudioVersion = 17.5.33516.290
MinimumVisualStudioVersion = 10.0.40219.1
Project("{9A19103F-16F7-4668-BE54-9A1E7A4F7556}") = "Quiz-Application-MVC", "Quiz-Application-MVC\Quiz-Application-MVC.csproj", "{CC0CD350-29E7-4FEB-BEDB-375408ABD390}"
EndProject
Project("{9A19103F-16F7-4668-BE54-9A1E7A4F7556}") = "Quiz.DB", "Quiz.DB\Quiz.DB.csproj", "{8DBB193F-D4A4-41C6-9788-FF3508ED8CC4}"
EndProject
Project("{FAE04EC0-301F-11D3-BF4B-00C04F79EFBC}") = "Quiz.Models", "Quiz.Models\Quiz.Models.csproj", "{DE06E9C2-0C14-4FA6-BB46-55E7B1E485FF}"
EndProject
Project("{FAE04EC0-301F-11D3-BF4B-00C04F79EFBC}") = "Quiz.Logic", "Quiz.Logic\Quiz.Logic.csproj", "{EC058CA4-C31E-4598-811A-A28C5B79D04C}"
EndProject
Project("{FAE04EC0-301F-11D3-BF4B-00C04F79EFBC}") = "Quiz.Facade", "Quiz.Facade\Quiz.Facade.csproj", "{02C754B6-0210-4790-8AA4-8AE10EA83682}"
EndProject
Global
	GlobalSection(SolutionConfigurationPlatforms) = preSolution
		Debug|Any CPU = Debug|Any CPU
		Release|Any CPU = Release|Any CPU
	EndGlobalSection
	GlobalSection(ProjectConfigurationPlatforms) = postSolution
		{CC0CD350-29E7-4FEB-BEDB-375408ABD390}.Debug|Any CPU.ActiveCfg = Debug|Any CPU
		{CC0CD350-29E7-4FEB-BEDB-375408ABD390}.Debug|Any CPU.Build.0 = Debug|Any CPU
		{CC0CD350-29E7-4FEB-BEDB-375408ABD390}.Release|Any CPU.ActiveCfg = Release|Any CPU
		{CC0CD350-29E7-4FEB-BEDB-375408ABD390}.Release|Any CPU.Build.0 = Release|Any CPU
		{8DBB193F-D4A4-41C6-9788-FF3508ED8CC4}.Debug|Any CPU.ActiveCfg = Debug|Any CPU
		{8DBB193F-D4A4-41C6-9788-FF3508ED8CC4}.Debug|Any CPU.Build.0 = Debug|Any CPU
		{8DBB193F-D4A4-41C6-9788-FF3508ED8CC4}.Release|Any CPU.ActiveCfg = Release|Any CPU
		{8DBB193F-D4A4-41C6-9788-FF3508ED8CC4}.Release|Any CPU.Build.0 = Release|Any CPU
		{DE06E9C2-0C14-4FA6-BB46-55E7B1E485FF}.Debug|Any CPU.ActiveCfg = Debug|Any CPU
		{DE06E9C2-0C14-4FA6-BB46-55E7B1E485FF}.Debug|Any CPU.Build.0 = Debug|Any CPU
		{DE06E9C2-0C14-4FA6-BB46-55E7B1E485FF}.Release|Any CPU.ActiveCfg = Release|Any CPU
		{DE06E9C2-0C14-4FA6-BB46-55E7B1E485FF}.Release|Any CPU.Build.0 = Release|Any CPU
		{EC058CA4-C31E-4598-811A-A28C5B79D04C}.Debug|Any CPU.ActiveCfg = Debug|Any CPU
		{EC058CA4-C31E-4598-811A-A28C5B79D04C}.Debug|Any CPU.Build.0 = Debug|Any CPU
		{EC058CA4-C31E-4598-811A-A28C5B79D04C}.Release|Any CPU.ActiveCfg = Release|Any CPU
		{EC058CA4-C31E-4598-811A-A28C5B79D04C}.Release|Any CPU.Build.0 = Release|Any CPU
		{02C754B6-0210-4790-8AA4-8AE10EA83682}.Debug|Any CPU.ActiveCfg = Debug|Any CPU
		{02C754B6-0210-4790-8AA4-8AE10EA83682}.Debug|Any CPU.Build.0 = Debug|Any CPU
		{02C754B6-0210-4790-8AA4-8AE10EA83682}.Release|Any CPU.ActiveCfg = Release|Any CPU
		{02C754B6-0210-4790-8AA4-8AE10EA83682}.Release|Any CPU.Build.0 = Release|Any CPU
	EndGlobalSection
	GlobalSection(SolutionProperties) = preSolution
		HideSolutionNode = FALSE
	EndGlobalSection
	GlobalSection(ExtensibilityGlobals) = postSolution
		SolutionGuid = {06F8424F-4C37-479E-86AD-6113BB99D5D0}
	EndGlobalSection
EndGlobal
